
Microsoft Visual Studio Solution File, Format Version 12.00
# Visual Studio Version 17
VisualStudioVersion = 17.11.35219.272
MinimumVisualStudioVersion = 10.0.40219.1
Project("{9A19103F-16F7-4668-BE54-9A1E7A4F7556}") = "SocialNetworkApi", "SocialNetworkApi\SocialNetworkApi.csproj", "{40072CDB-E31E-4767-A6F1-8005F207688C}"
EndProject
Project("{FAE04EC0-301F-11D3-BF4B-00C04F79EFBC}") = "SocialNetworkConsole", "..\SocialNetworkConsole\SocialNetworkConsole\SocialNetworkConsole.csproj", "{FDFF9D81-3B0F-45A9-81FD-16902FAECF58}"
EndProject
Project("{9A19103F-16F7-4668-BE54-9A1E7A4F7556}") = "SocialNetworkAPI.Tests", "..\SocialNetworkAPI.Tests\SocialNetworkAPI.Tests\SocialNetworkAPI.Tests.csproj", "{51E717D6-E1C4-4AEE-9B60-93A6925DF405}"
EndProject
Global
	GlobalSection(SolutionConfigurationPlatforms) = preSolution
		Debug|Any CPU = Debug|Any CPU
		Release|Any CPU = Release|Any CPU
	EndGlobalSection
	GlobalSection(ProjectConfigurationPlatforms) = postSolution
		{40072CDB-E31E-4767-A6F1-8005F207688C}.Debug|Any CPU.ActiveCfg = Debug|Any CPU
		{40072CDB-E31E-4767-A6F1-8005F207688C}.Debug|Any CPU.Build.0 = Debug|Any CPU
		{40072CDB-E31E-4767-A6F1-8005F207688C}.Release|Any CPU.ActiveCfg = Release|Any CPU
		{40072CDB-E31E-4767-A6F1-8005F207688C}.Release|Any CPU.Build.0 = Release|Any CPU
		{FDFF9D81-3B0F-45A9-81FD-16902FAECF58}.Debug|Any CPU.ActiveCfg = Debug|Any CPU
		{FDFF9D81-3B0F-45A9-81FD-16902FAECF58}.Debug|Any CPU.Build.0 = Debug|Any CPU
		{FDFF9D81-3B0F-45A9-81FD-16902FAECF58}.Release|Any CPU.ActiveCfg = Release|Any CPU
		{FDFF9D81-3B0F-45A9-81FD-16902FAECF58}.Release|Any CPU.Build.0 = Release|Any CPU
		{51E717D6-E1C4-4AEE-9B60-93A6925DF405}.Debug|Any CPU.ActiveCfg = Debug|Any CPU
		{51E717D6-E1C4-4AEE-9B60-93A6925DF405}.Debug|Any CPU.Build.0 = Debug|Any CPU
		{51E717D6-E1C4-4AEE-9B60-93A6925DF405}.Release|Any CPU.ActiveCfg = Release|Any CPU
		{51E717D6-E1C4-4AEE-9B60-93A6925DF405}.Release|Any CPU.Build.0 = Release|Any CPU
	EndGlobalSection
	GlobalSection(SolutionProperties) = preSolution
		HideSolutionNode = FALSE
	EndGlobalSection
	GlobalSection(ExtensibilityGlobals) = postSolution
		SolutionGuid = {37E0F0F2-FF19-416A-954C-8313A2DDC797}
	EndGlobalSection
EndGlobal
